{
  "name": "@packages/react-hooks-set",
  "version": "1.0.0",
  "lockfileVersion": 2,
  "requires": true,
  "packages": {
    "": {
      "name": "@packages/react-hooks-set",
      "version": "1.0.0",
      "license": "ISC",
      "dependencies": {
        "react": "^18.2.0"
      },
      "devDependencies": {
        "ts-check": "^0.2.4",
        "typescript": "^5.1.6"
      }
    },
    "../../node_modules/.pnpm/ts-check@0.2.4/node_modules/ts-check": {
      "version": "0.2.4",
      "dev": true,
      "license": "MIT",
      "dependencies": {
        "@types/mocha": "latest",
        "@types/node": "latest",
        "extend": "^3.0.1"
      },
      "devDependencies": {
        "mocha": "latest"
      }
    },
    "../../node_modules/.pnpm/typescript@5.1.6/node_modules/typescript": {
      "version": "5.1.6",
      "dev": true,
      "license": "Apache-2.0",
      "bin": {
        "tsc": "bin/tsc",
        "tsserver": "bin/tsserver"
      },
      "devDependencies": {
        "@esfx/canceltoken": "^1.0.0",
        "@octokit/rest": "latest",
        "@types/chai": "^4.3.4",
        "@types/fs-extra": "^9.0.13",
        "@types/glob": "^8.1.0",
        "@types/microsoft__typescript-etw": "^0.1.1",
        "@types/minimist": "^1.2.2",
        "@types/mocha": "^10.0.1",
        "@types/ms": "^0.7.31",
        "@types/node": "latest",
        "@types/source-map-support": "^0.5.6",
        "@types/which": "^2.0.1",
        "@typescript-eslint/eslint-plugin": "^5.33.1",
        "@typescript-eslint/parser": "^5.33.1",
        "@typescript-eslint/utils": "^5.33.1",
        "azure-devops-node-api": "^12.0.0",
        "chai": "^4.3.7",
        "chalk": "^4.1.2",
        "chokidar": "^3.5.3",
        "del": "^6.1.1",
        "diff": "^5.1.0",
        "esbuild": "^0.17.2",
        "eslint": "^8.22.0",
        "eslint-formatter-autolinkable-stylish": "^1.2.0",
        "eslint-plugin-import": "^2.26.0",
        "eslint-plugin-local": "^1.0.0",
        "eslint-plugin-no-null": "^1.0.2",
        "eslint-plugin-simple-import-sort": "^10.0.0",
        "fast-xml-parser": "^4.0.11",
        "fs-extra": "^9.1.0",
        "glob": "^8.1.0",
        "hereby": "^1.6.4",
        "jsonc-parser": "^3.2.0",
        "minimist": "^1.2.8",
        "mocha": "^10.2.0",
        "mocha-fivemat-progress-reporter": "^0.1.0",
        "ms": "^2.1.3",
        "node-fetch": "^3.2.10",
        "source-map-support": "^0.5.21",
        "tslib": "^2.5.0",
        "typescript": "^5.0.2",
        "which": "^2.0.2"
      },
      "engines": {
        "node": ">=14.17"
      }
    },
    "node_modules/js-tokens": {
      "version": "4.0.0",
      "resolved": "https://registry.npmjs.org/js-tokens/-/js-tokens-4.0.0.tgz",
      "integrity": "sha512-RdJUflcE3cUzKiMqQgsCu06FPu9UdIJO0beYbPhHN4k6apgJtifcoCtT9bcxOpYBtpD2kCM6Sbzg4CausW/PKQ=="
    },
    "node_modules/loose-envify": {
      "version": "1.4.0",
      "resolved": "https://registry.npmjs.org/loose-envify/-/loose-envify-1.4.0.tgz",
      "integrity": "sha512-lyuxPGr/Wfhrlem2CL/UcnUc1zcqKAImBDzukY7Y5F/yQiNdko6+fRLevlw1HgMySw7f611UIY408EtxRSoK3Q==",
      "dependencies": {
        "js-tokens": "^3.0.0 || ^4.0.0"
      },
      "bin": {
        "loose-envify": "cli.js"
      }
    },
    "node_modules/react": {
      "version": "18.2.0",
      "resolved": "https://registry.npmjs.org/react/-/react-18.2.0.tgz",
      "integrity": "sha512-/3IjMdb2L9QbBdWiW5e3P2/npwMBaU9mHCSCUzNln0ZCYbcfTsGbTJrU/kGemdH2IWmB2ioZ+zkxtmq6g09fGQ==",
      "dependencies": {
        "loose-envify": "^1.1.0"
      },
      "engines": {
        "node": ">=0.10.0"
      }
    },
    "node_modules/ts-check": {
      "resolved": "../../node_modules/.pnpm/ts-check@0.2.4/node_modules/ts-check",
      "link": true
    },
    "node_modules/typescript": {
      "resolved": "../../node_modules/.pnpm/typescript@5.1.6/node_modules/typescript",
      "link": true
    }
  },
  "dependencies": {
    "js-tokens": {
      "version": "4.0.0",
      "resolved": "https://registry.npmjs.org/js-tokens/-/js-tokens-4.0.0.tgz",
      "integrity": "sha512-RdJUflcE3cUzKiMqQgsCu06FPu9UdIJO0beYbPhHN4k6apgJtifcoCtT9bcxOpYBtpD2kCM6Sbzg4CausW/PKQ=="
    },
    "loose-envify": {
      "version": "1.4.0",
      "resolved": "https://registry.npmjs.org/loose-envify/-/loose-envify-1.4.0.tgz",
      "integrity": "sha512-lyuxPGr/Wfhrlem2CL/UcnUc1zcqKAImBDzukY7Y5F/yQiNdko6+fRLevlw1HgMySw7f611UIY408EtxRSoK3Q==",
      "requires": {
        "js-tokens": "^3.0.0 || ^4.0.0"
      }
    },
    "react": {
      "version": "18.2.0",
      "resolved": "https://registry.npmjs.org/react/-/react-18.2.0.tgz",
      "integrity": "sha512-/3IjMdb2L9QbBdWiW5e3P2/npwMBaU9mHCSCUzNln0ZCYbcfTsGbTJrU/kGemdH2IWmB2ioZ+zkxtmq6g09fGQ==",
      "requires": {
        "loose-envify": "^1.1.0"
      }
    },
    "ts-check": {
      "version": "file:../../node_modules/.pnpm/ts-check@0.2.4/node_modules/ts-check",
      "requires": {
        "@types/mocha": "latest",
        "@types/node": "latest",
        "extend": "^3.0.1",
        "mocha": "latest"
      }
    },
    "typescript": {
      "version": "file:../../node_modules/.pnpm/typescript@5.1.6/node_modules/typescript",
      "requires": {
        "@esfx/canceltoken": "^1.0.0",
        "@octokit/rest": "latest",
        "@types/chai": "^4.3.4",
        "@types/fs-extra": "^9.0.13",
        "@types/glob": "^8.1.0",
        "@types/microsoft__typescript-etw": "^0.1.1",
        "@types/minimist": "^1.2.2",
        "@types/mocha": "^10.0.1",
        "@types/ms": "^0.7.31",
        "@types/node": "latest",
        "@types/source-map-support": "^0.5.6",
        "@types/which": "^2.0.1",
        "@typescript-eslint/eslint-plugin": "^5.33.1",
        "@typescript-eslint/parser": "^5.33.1",
        "@typescript-eslint/utils": "^5.33.1",
        "azure-devops-node-api": "^12.0.0",
        "chai": "^4.3.7",
        "chalk": "^4.1.2",
        "chokidar": "^3.5.3",
        "del": "^6.1.1",
        "diff": "^5.1.0",
        "esbuild": "^0.17.2",
        "eslint": "^8.22.0",
        "eslint-formatter-autolinkable-stylish": "^1.2.0",
        "eslint-plugin-import": "^2.26.0",
        "eslint-plugin-local": "^1.0.0",
        "eslint-plugin-no-null": "^1.0.2",
        "eslint-plugin-simple-import-sort": "^10.0.0",
        "fast-xml-parser": "^4.0.11",
        "fs-extra": "^9.1.0",
        "glob": "^8.1.0",
        "hereby": "^1.6.4",
        "jsonc-parser": "^3.2.0",
        "minimist": "^1.2.8",
        "mocha": "^10.2.0",
        "mocha-fivemat-progress-reporter": "^0.1.0",
        "ms": "^2.1.3",
        "node-fetch": "^3.2.10",
        "source-map-support": "^0.5.21",
        "tslib": "^2.5.0",
        "typescript": "^5.0.2",
        "which": "^2.0.2"
      }
    }
  }
}
